// !$*UTF8*$!
{
	archiveVersion = 1;
	classes = {
	};
	objectVersion = 55;
	objects = {

/* Begin PBXBuildFile section */
		EF41DC47277A5C0400FF8CA7 /* DetailView.swift in Sources */ = {isa = PBXBuildFile; fileRef = EF41DC46277A5C0400FF8CA7 /* DetailView.swift */; };
		EF41DC49277A616100FF8CA7 /* CoinDetail.swift in Sources */ = {isa = PBXBuildFile; fileRef = EF41DC48277A616100FF8CA7 /* CoinDetail.swift */; };
		EF41DC4B277A629600FF8CA7 /* DetailViewModel.swift in Sources */ = {isa = PBXBuildFile; fileRef = EF41DC4A277A629600FF8CA7 /* DetailViewModel.swift */; };
		EF41DC4D277A62B500FF8CA7 /* CoinDetailDataService.swift in Sources */ = {isa = PBXBuildFile; fileRef = EF41DC4C277A62B500FF8CA7 /* CoinDetailDataService.swift */; };
		EF460453277809060010D054 /* CryptoApp.swift in Sources */ = {isa = PBXBuildFile; fileRef = EF460452277809060010D054 /* CryptoApp.swift */; };
		EF460455277809060010D054 /* ContentView.swift in Sources */ = {isa = PBXBuildFile; fileRef = EF460454277809060010D054 /* ContentView.swift */; };
		EF46045A277809080010D054 /* Preview Assets.xcassets in Resources */ = {isa = PBXBuildFile; fileRef = EF460459277809080010D054 /* Preview Assets.xcassets */; };
		EF46046A27780FDD0010D054 /* HomeView.swift in Sources */ = {isa = PBXBuildFile; fileRef = EF46046927780FDD0010D054 /* HomeView.swift */; };
		EF46046E277810B60010D054 /* CircleButtonView.swift in Sources */ = {isa = PBXBuildFile; fileRef = EF46046D277810B60010D054 /* CircleButtonView.swift */; };
		EF460470277814210010D054 /* CircleButtonAnimationView.swift in Sources */ = {isa = PBXBuildFile; fileRef = EF46046F277814210010D054 /* CircleButtonAnimationView.swift */; };
		EF4604752778173A0010D054 /* Coin.swift in Sources */ = {isa = PBXBuildFile; fileRef = EF4604742778173A0010D054 /* Coin.swift */; };
		EFF85B272778434500BD621D /* Assets.xcassets in Resources */ = {isa = PBXBuildFile; fileRef = EFF85B262778434500BD621D /* Assets.xcassets */; };
		EFF85B2F2778435C00BD621D /* Date.swift in Sources */ = {isa = PBXBuildFile; fileRef = EFF85B292778435C00BD621D /* Date.swift */; };
		EFF85B302778435C00BD621D /* PreviewProvider.swift in Sources */ = {isa = PBXBuildFile; fileRef = EFF85B2A2778435C00BD621D /* PreviewProvider.swift */; };
		EFF85B312778435C00BD621D /* String.swift in Sources */ = {isa = PBXBuildFile; fileRef = EFF85B2B2778435C00BD621D /* String.swift */; };
		EFF85B322778435C00BD621D /* Double.swift in Sources */ = {isa = PBXBuildFile; fileRef = EFF85B2C2778435C00BD621D /* Double.swift */; };
		EFF85B332778435C00BD621D /* UIApplication.swift in Sources */ = {isa = PBXBuildFile; fileRef = EFF85B2D2778435C00BD621D /* UIApplication.swift */; };
		EFF85B342778435C00BD621D /* Color.swift in Sources */ = {isa = PBXBuildFile; fileRef = EFF85B2E2778435C00BD621D /* Color.swift */; };
		EFF85B38277845CD00BD621D /* CoinRowView.swift in Sources */ = {isa = PBXBuildFile; fileRef = EFF85B37277845CD00BD621D /* CoinRowView.swift */; };
		EFF85B3A27784BE500BD621D /* HomeViewModel.swift in Sources */ = {isa = PBXBuildFile; fileRef = EFF85B3927784BE500BD621D /* HomeViewModel.swift */; };
		EFF85B3D2778506600BD621D /* CoinDataService.swift in Sources */ = {isa = PBXBuildFile; fileRef = EFF85B3C2778506600BD621D /* CoinDataService.swift */; };
		EFF85B402779096000BD621D /* NetworkingManager.swift in Sources */ = {isa = PBXBuildFile; fileRef = EFF85B3F2779096000BD621D /* NetworkingManager.swift */; };
		EFF85B4327790DE000BD621D /* CoinImageView.swift in Sources */ = {isa = PBXBuildFile; fileRef = EFF85B4227790DE000BD621D /* CoinImageView.swift */; };
		EFF85B4527790F2200BD621D /* CoinImageService.swift in Sources */ = {isa = PBXBuildFile; fileRef = EFF85B4427790F2200BD621D /* CoinImageService.swift */; };
		EFF85B472779103F00BD621D /* CoinImageViewModel.swift in Sources */ = {isa = PBXBuildFile; fileRef = EFF85B462779103F00BD621D /* CoinImageViewModel.swift */; };
		EFF85B49277913EC00BD621D /* LocalFileManager.swift in Sources */ = {isa = PBXBuildFile; fileRef = EFF85B48277913EC00BD621D /* LocalFileManager.swift */; };
		EFF85B4B27791A7000BD621D /* SearchBarView.swift in Sources */ = {isa = PBXBuildFile; fileRef = EFF85B4A27791A7000BD621D /* SearchBarView.swift */; };
		EFF85B4D2779244B00BD621D /* Statistic.swift in Sources */ = {isa = PBXBuildFile; fileRef = EFF85B4C2779244B00BD621D /* Statistic.swift */; };
		EFF85B4F277925E500BD621D /* StatisticView.swift in Sources */ = {isa = PBXBuildFile; fileRef = EFF85B4E277925E500BD621D /* StatisticView.swift */; };
		EFF85B512779285400BD621D /* HomeStatsView.swift in Sources */ = {isa = PBXBuildFile; fileRef = EFF85B502779285400BD621D /* HomeStatsView.swift */; };
		EFF85B5327792ABB00BD621D /* MarketData.swift in Sources */ = {isa = PBXBuildFile; fileRef = EFF85B5227792ABB00BD621D /* MarketData.swift */; };
		EFF85B5527792B7D00BD621D /* MarketDataService.swift in Sources */ = {isa = PBXBuildFile; fileRef = EFF85B5427792B7D00BD621D /* MarketDataService.swift */; };
		EFF85B57277930D000BD621D /* PortfolioView.swift in Sources */ = {isa = PBXBuildFile; fileRef = EFF85B56277930D000BD621D /* PortfolioView.swift */; };
		EFF85B592779324700BD621D /* XMarkLabel.swift in Sources */ = {isa = PBXBuildFile; fileRef = EFF85B582779324700BD621D /* XMarkLabel.swift */; };
		EFF85B5B2779723100BD621D /* CoinLogoView.swift in Sources */ = {isa = PBXBuildFile; fileRef = EFF85B5A2779723100BD621D /* CoinLogoView.swift */; };
		EFF85B5E2779837A00BD621D /* PortfolioContainer.xcdatamodeld in Sources */ = {isa = PBXBuildFile; fileRef = EFF85B5C2779837A00BD621D /* PortfolioContainer.xcdatamodeld */; };
		EFF85B602779841200BD621D /* PortfolioDataService.swift in Sources */ = {isa = PBXBuildFile; fileRef = EFF85B5F2779841200BD621D /* PortfolioDataService.swift */; };
/* End PBXBuildFile section */

/* Begin PBXFileReference section */
		EF41DC46277A5C0400FF8CA7 /* DetailView.swift */ = {isa = PBXFileReference; lastKnownFileType = sourcecode.swift; path = DetailView.swift; sourceTree = "<group>"; };
		EF41DC48277A616100FF8CA7 /* CoinDetail.swift */ = {isa = PBXFileReference; lastKnownFileType = sourcecode.swift; path = CoinDetail.swift; sourceTree = "<group>"; };
		EF41DC4A277A629600FF8CA7 /* DetailViewModel.swift */ = {isa = PBXFileReference; lastKnownFileType = sourcecode.swift; path = DetailViewModel.swift; sourceTree = "<group>"; };
		EF41DC4C277A62B500FF8CA7 /* CoinDetailDataService.swift */ = {isa = PBXFileReference; lastKnownFileType = sourcecode.swift; path = CoinDetailDataService.swift; sourceTree = "<group>"; };
		EF46044F277809060010D054 /* Crypto Tracker.app */ = {isa = PBXFileReference; explicitFileType = wrapper.application; includeInIndex = 0; path = "Crypto Tracker.app"; sourceTree = BUILT_PRODUCTS_DIR; };
		EF460452277809060010D054 /* CryptoApp.swift */ = {isa = PBXFileReference; lastKnownFileType = sourcecode.swift; path = CryptoApp.swift; sourceTree = "<group>"; };
		EF460454277809060010D054 /* ContentView.swift */ = {isa = PBXFileReference; lastKnownFileType = sourcecode.swift; path = ContentView.swift; sourceTree = "<group>"; };
		EF460459277809080010D054 /* Preview Assets.xcassets */ = {isa = PBXFileReference; lastKnownFileType = folder.assetcatalog; path = "Preview Assets.xcassets"; sourceTree = "<group>"; };
		EF46046927780FDD0010D054 /* HomeView.swift */ = {isa = PBXFileReference; lastKnownFileType = sourcecode.swift; path = HomeView.swift; sourceTree = "<group>"; };
		EF46046D277810B60010D054 /* CircleButtonView.swift */ = {isa = PBXFileReference; lastKnownFileType = sourcecode.swift; path = CircleButtonView.swift; sourceTree = "<group>"; };
		EF46046F277814210010D054 /* CircleButtonAnimationView.swift */ = {isa = PBXFileReference; lastKnownFileType = sourcecode.swift; path = CircleButtonAnimationView.swift; sourceTree = "<group>"; };
		EF4604742778173A0010D054 /* Coin.swift */ = {isa = PBXFileReference; lastKnownFileType = sourcecode.swift; path = Coin.swift; sourceTree = "<group>"; };
		EFF85B262778434500BD621D /* Assets.xcassets */ = {isa = PBXFileReference; lastKnownFileType = folder.assetcatalog; path = Assets.xcassets; sourceTree = "<group>"; };
		EFF85B292778435C00BD621D /* Date.swift */ = {isa = PBXFileReference; fileEncoding = 4; lastKnownFileType = sourcecode.swift; path = Date.swift; sourceTree = "<group>"; };
		EFF85B2A2778435C00BD621D /* PreviewProvider.swift */ = {isa = PBXFileReference; fileEncoding = 4; lastKnownFileType = sourcecode.swift; path = PreviewProvider.swift; sourceTree = "<group>"; };
		EFF85B2B2778435C00BD621D /* String.swift */ = {isa = PBXFileReference; fileEncoding = 4; lastKnownFileType = sourcecode.swift; path = String.swift; sourceTree = "<group>"; };
		EFF85B2C2778435C00BD621D /* Double.swift */ = {isa = PBXFileReference; fileEncoding = 4; lastKnownFileType = sourcecode.swift; path = Double.swift; sourceTree = "<group>"; };
		EFF85B2D2778435C00BD621D /* UIApplication.swift */ = {isa = PBXFileReference; fileEncoding = 4; lastKnownFileType = sourcecode.swift; path = UIApplication.swift; sourceTree = "<group>"; };
		EFF85B2E2778435C00BD621D /* Color.swift */ = {isa = PBXFileReference; fileEncoding = 4; lastKnownFileType = sourcecode.swift; path = Color.swift; sourceTree = "<group>"; };
		EFF85B37277845CD00BD621D /* CoinRowView.swift */ = {isa = PBXFileReference; lastKnownFileType = sourcecode.swift; path = CoinRowView.swift; sourceTree = "<group>"; };
		EFF85B3927784BE500BD621D /* HomeViewModel.swift */ = {isa = PBXFileReference; lastKnownFileType = sourcecode.swift; path = HomeViewModel.swift; sourceTree = "<group>"; };
		EFF85B3C2778506600BD621D /* CoinDataService.swift */ = {isa = PBXFileReference; lastKnownFileType = sourcecode.swift; path = CoinDataService.swift; sourceTree = "<group>"; };
		EFF85B3F2779096000BD621D /* NetworkingManager.swift */ = {isa = PBXFileReference; lastKnownFileType = sourcecode.swift; path = NetworkingManager.swift; sourceTree = "<group>"; };
		EFF85B4227790DE000BD621D /* CoinImageView.swift */ = {isa = PBXFileReference; lastKnownFileType = sourcecode.swift; path = CoinImageView.swift; sourceTree = "<group>"; };
		EFF85B4427790F2200BD621D /* CoinImageService.swift */ = {isa = PBXFileReference; lastKnownFileType = sourcecode.swift; path = CoinImageService.swift; sourceTree = "<group>"; };
		EFF85B462779103F00BD621D /* CoinImageViewModel.swift */ = {isa = PBXFileReference; lastKnownFileType = sourcecode.swift; path = CoinImageViewModel.swift; sourceTree = "<group>"; };
		EFF85B48277913EC00BD621D /* LocalFileManager.swift */ = {isa = PBXFileReference; lastKnownFileType = sourcecode.swift; path = LocalFileManager.swift; sourceTree = "<group>"; };
		EFF85B4A27791A7000BD621D /* SearchBarView.swift */ = {isa = PBXFileReference; lastKnownFileType = sourcecode.swift; path = SearchBarView.swift; sourceTree = "<group>"; };
		EFF85B4C2779244B00BD621D /* Statistic.swift */ = {isa = PBXFileReference; lastKnownFileType = sourcecode.swift; path = Statistic.swift; sourceTree = "<group>"; };
		EFF85B4E277925E500BD621D /* StatisticView.swift */ = {isa = PBXFileReference; lastKnownFileType = sourcecode.swift; path = StatisticView.swift; sourceTree = "<group>"; };
		EFF85B502779285400BD621D /* HomeStatsView.swift */ = {isa = PBXFileReference; lastKnownFileType = sourcecode.swift; path = HomeStatsView.swift; sourceTree = "<group>"; };
		EFF85B5227792ABB00BD621D /* MarketData.swift */ = {isa = PBXFileReference; fileEncoding = 4; lastKnownFileType = sourcecode.swift; path = MarketData.swift; sourceTree = "<group>"; };
		EFF85B5427792B7D00BD621D /* MarketDataService.swift */ = {isa = PBXFileReference; lastKnownFileType = sourcecode.swift; path = MarketDataService.swift; sourceTree = "<group>"; };
		EFF85B56277930D000BD621D /* PortfolioView.swift */ = {isa = PBXFileReference; lastKnownFileType = sourcecode.swift; path = PortfolioView.swift; sourceTree = "<group>"; };
		EFF85B582779324700BD621D /* XMarkLabel.swift */ = {isa = PBXFileReference; lastKnownFileType = sourcecode.swift; path = XMarkLabel.swift; sourceTree = "<group>"; };
		EFF85B5A2779723100BD621D /* CoinLogoView.swift */ = {isa = PBXFileReference; lastKnownFileType = sourcecode.swift; path = CoinLogoView.swift; sourceTree = "<group>"; };
		EFF85B5D2779837A00BD621D /* PortfolioContainer.xcdatamodel */ = {isa = PBXFileReference; lastKnownFileType = wrapper.xcdatamodel; path = PortfolioContainer.xcdatamodel; sourceTree = "<group>"; };
		EFF85B5F2779841200BD621D /* PortfolioDataService.swift */ = {isa = PBXFileReference; lastKnownFileType = sourcecode.swift; path = PortfolioDataService.swift; sourceTree = "<group>"; };
/* End PBXFileReference section */

/* Begin PBXFrameworksBuildPhase section */
		EF46044C277809060010D054 /* Frameworks */ = {
			isa = PBXFrameworksBuildPhase;
			buildActionMask = 2147483647;
			files = (
			);
			runOnlyForDeploymentPostprocessing = 0;
		};
/* End PBXFrameworksBuildPhase section */

/* Begin PBXGroup section */
		EF41DC43277A5BDD00FF8CA7 /* Detail */ = {
			isa = PBXGroup;
			children = (
				EF41DC44277A5BE900FF8CA7 /* ViewModels */,
				EF41DC45277A5BF600FF8CA7 /* Views */,
			);
			path = Detail;
			sourceTree = "<group>";
		};
		EF41DC44277A5BE900FF8CA7 /* ViewModels */ = {
			isa = PBXGroup;
			children = (
				EF41DC4A277A629600FF8CA7 /* DetailViewModel.swift */,
			);
			path = ViewModels;
			sourceTree = "<group>";
		};
		EF41DC45277A5BF600FF8CA7 /* Views */ = {
			isa = PBXGroup;
			children = (
				EF41DC46277A5C0400FF8CA7 /* DetailView.swift */,
			);
			path = Views;
			sourceTree = "<group>";
		};
		EF460446277809060010D054 = {
			isa = PBXGroup;
			children = (
				EF460451277809060010D054 /* Crypto */,
				EF460450277809060010D054 /* Products */,
			);
			sourceTree = "<group>";
		};
		EF460450277809060010D054 /* Products */ = {
			isa = PBXGroup;
			children = (
				EF46044F277809060010D054 /* Crypto Tracker.app */,
			);
			name = Products;
			sourceTree = "<group>";
		};
		EF460451277809060010D054 /* Crypto */ = {
			isa = PBXGroup;
			children = (
				EFF85B3E2779093000BD621D /* Utilities */,
				EFF85B3B27784FFB00BD621D /* Services */,
				EFF85B282778435C00BD621D /* Extensions */,
				EF460471277816F60010D054 /* Models */,
				EF46046527780FAC0010D054 /* Core */,
				EF460452277809060010D054 /* CryptoApp.swift */,
				EF460454277809060010D054 /* ContentView.swift */,
				EFF85B262778434500BD621D /* Assets.xcassets */,
				EF460458277809080010D054 /* Preview Content */,
			);
			path = Crypto;
			sourceTree = "<group>";
		};
		EF460458277809080010D054 /* Preview Content */ = {
			isa = PBXGroup;
			children = (
				EF460459277809080010D054 /* Preview Assets.xcassets */,
			);
			path = "Preview Content";
			sourceTree = "<group>";
		};
		EF46046527780FAC0010D054 /* Core */ = {
			isa = PBXGroup;
			children = (
				EF46046B2778108D0010D054 /* Components */,
				EF46046627780FBF0010D054 /* Home */,
				EF41DC43277A5BDD00FF8CA7 /* Detail */,
			);
			path = Core;
			sourceTree = "<group>";
		};
		EF46046627780FBF0010D054 /* Home */ = {
			isa = PBXGroup;
			children = (
				EF46046827780FCF0010D054 /* ViewModels */,
				EF46046727780FCA0010D054 /* Views */,
			);
			path = Home;
			sourceTree = "<group>";
		};
		EF46046727780FCA0010D054 /* Views */ = {
			isa = PBXGroup;
			children = (
				EF46046927780FDD0010D054 /* HomeView.swift */,
				EFF85B502779285400BD621D /* HomeStatsView.swift */,
				EFF85B37277845CD00BD621D /* CoinRowView.swift */,
				EFF85B56277930D000BD621D /* PortfolioView.swift */,
			);
			path = Views;
			sourceTree = "<group>";
		};
		EF46046827780FCF0010D054 /* ViewModels */ = {
			isa = PBXGroup;
			children = (
				EFF85B3927784BE500BD621D /* HomeViewModel.swift */,
			);
			path = ViewModels;
			sourceTree = "<group>";
		};
		EF46046B2778108D0010D054 /* Components */ = {
			isa = PBXGroup;
			children = (
				EFF85B4127790DD100BD621D /* CoinImage */,
				EF46046C277810A50010D054 /* CircleButton */,
				EFF85B4A27791A7000BD621D /* SearchBarView.swift */,
				EFF85B4E277925E500BD621D /* StatisticView.swift */,
				EFF85B582779324700BD621D /* XMarkLabel.swift */,
			);
			path = Components;
			sourceTree = "<group>";
		};
		EF46046C277810A50010D054 /* CircleButton */ = {
			isa = PBXGroup;
			children = (
				EF46046D277810B60010D054 /* CircleButtonView.swift */,
				EF46046F277814210010D054 /* CircleButtonAnimationView.swift */,
			);
			path = CircleButton;
			sourceTree = "<group>";
		};
		EF460471277816F60010D054 /* Models */ = {
			isa = PBXGroup;
			children = (
				EFF85B5227792ABB00BD621D /* MarketData.swift */,
				EFF85B4C2779244B00BD621D /* Statistic.swift */,
				EF4604742778173A0010D054 /* Coin.swift */,
				EF41DC48277A616100FF8CA7 /* CoinDetail.swift */,
				EFF85B5C2779837A00BD621D /* PortfolioContainer.xcdatamodeld */,
			);
			path = Models;
			sourceTree = "<group>";
		};
		EFF85B282778435C00BD621D /* Extensions */ = {
			isa = PBXGroup;
			children = (
				EFF85B292778435C00BD621D /* Date.swift */,
				EFF85B2A2778435C00BD621D /* PreviewProvider.swift */,
				EFF85B2B2778435C00BD621D /* String.swift */,
				EFF85B2C2778435C00BD621D /* Double.swift */,
				EFF85B2D2778435C00BD621D /* UIApplication.swift */,
				EFF85B2E2778435C00BD621D /* Color.swift */,
			);
			path = Extensions;
			sourceTree = "<group>";
		};
		EFF85B3B27784FFB00BD621D /* Services */ = {
			isa = PBXGroup;
			children = (
				EFF85B3C2778506600BD621D /* CoinDataService.swift */,
				EF41DC4C277A62B500FF8CA7 /* CoinDetailDataService.swift */,
				EFF85B4427790F2200BD621D /* CoinImageService.swift */,
				EFF85B5427792B7D00BD621D /* MarketDataService.swift */,
				EFF85B5F2779841200BD621D /* PortfolioDataService.swift */,
			);
			path = Services;
			sourceTree = "<group>";
		};
		EFF85B3E2779093000BD621D /* Utilities */ = {
			isa = PBXGroup;
			children = (
				EFF85B3F2779096000BD621D /* NetworkingManager.swift */,
				EFF85B48277913EC00BD621D /* LocalFileManager.swift */,
			);
			path = Utilities;
			sourceTree = "<group>";
		};
		EFF85B4127790DD100BD621D /* CoinImage */ = {
			isa = PBXGroup;
			children = (
				EFF85B4227790DE000BD621D /* CoinImageView.swift */,
				EFF85B462779103F00BD621D /* CoinImageViewModel.swift */,
				EFF85B5A2779723100BD621D /* CoinLogoView.swift */,
			);
			path = CoinImage;
			sourceTree = "<group>";
		};
/* End PBXGroup section */

/* Begin PBXNativeTarget section */
		EF46044E277809060010D054 /* Crypto */ = {
			isa = PBXNativeTarget;
			buildConfigurationList = EF46045D277809080010D054 /* Build configuration list for PBXNativeTarget "Crypto" */;
			buildPhases = (
				EF46044B277809060010D054 /* Sources */,
				EF46044C277809060010D054 /* Frameworks */,
				EF46044D277809060010D054 /* Resources */,
			);
			buildRules = (
			);
			dependencies = (
			);
			name = Crypto;
			productName = Crypto;
			productReference = EF46044F277809060010D054 /* Crypto Tracker.app */;
			productType = "com.apple.product-type.application";
		};
/* End PBXNativeTarget section */

/* Begin PBXProject section */
		EF460447277809060010D054 /* Project object */ = {
			isa = PBXProject;
			attributes = {
				BuildIndependentTargetsInParallel = 1;
				LastSwiftUpdateCheck = 1320;
				LastUpgradeCheck = 1320;
				TargetAttributes = {
					EF46044E277809060010D054 = {
						CreatedOnToolsVersion = 13.2.1;
					};
				};
			};
			buildConfigurationList = EF46044A277809060010D054 /* Build configuration list for PBXProject "Crypto" */;
			compatibilityVersion = "Xcode 13.0";
			developmentRegion = en;
			hasScannedForEncodings = 0;
			knownRegions = (
				en,
				Base,
			);
			mainGroup = EF460446277809060010D054;
			productRefGroup = EF460450277809060010D054 /* Products */;
			projectDirPath = "";
			projectRoot = "";
			targets = (
				EF46044E277809060010D054 /* Crypto */,
			);
		};
/* End PBXProject section */

/* Begin PBXResourcesBuildPhase section */
		EF46044D277809060010D054 /* Resources */ = {
			isa = PBXResourcesBuildPhase;
			buildActionMask = 2147483647;
			files = (
				EFF85B272778434500BD621D /* Assets.xcassets in Resources */,
				EF46045A277809080010D054 /* Preview Assets.xcassets in Resources */,
			);
			runOnlyForDeploymentPostprocessing = 0;
		};
/* End PBXResourcesBuildPhase section */

/* Begin PBXSourcesBuildPhase section */
		EF46044B277809060010D054 /* Sources */ = {
			isa = PBXSourcesBuildPhase;
			buildActionMask = 2147483647;
			files = (
				EF460455277809060010D054 /* ContentView.swift in Sources */,
				EFF85B38277845CD00BD621D /* CoinRowView.swift in Sources */,
				EF46046A27780FDD0010D054 /* HomeView.swift in Sources */,
				EFF85B592779324700BD621D /* XMarkLabel.swift in Sources */,
				EFF85B3D2778506600BD621D /* CoinDataService.swift in Sources */,
				EFF85B2F2778435C00BD621D /* Date.swift in Sources */,
				EFF85B402779096000BD621D /* NetworkingManager.swift in Sources */,
				EFF85B332778435C00BD621D /* UIApplication.swift in Sources */,
				EFF85B602779841200BD621D /* PortfolioDataService.swift in Sources */,
				EFF85B5E2779837A00BD621D /* PortfolioContainer.xcdatamodeld in Sources */,
				EFF85B57277930D000BD621D /* PortfolioView.swift in Sources */,
				EFF85B49277913EC00BD621D /* LocalFileManager.swift in Sources */,
				EFF85B312778435C00BD621D /* String.swift in Sources */,
				EFF85B342778435C00BD621D /* Color.swift in Sources */,
				EFF85B4B27791A7000BD621D /* SearchBarView.swift in Sources */,
				EF460453277809060010D054 /* CryptoApp.swift in Sources */,
				EFF85B4D2779244B00BD621D /* Statistic.swift in Sources */,
				EF41DC4B277A629600FF8CA7 /* DetailViewModel.swift in Sources */,
				EFF85B5527792B7D00BD621D /* MarketDataService.swift in Sources */,
				EF46046E277810B60010D054 /* CircleButtonView.swift in Sources */,
				EFF85B4F277925E500BD621D /* StatisticView.swift in Sources */,
				EFF85B3A27784BE500BD621D /* HomeViewModel.swift in Sources */,
				EFF85B4327790DE000BD621D /* CoinImageView.swift in Sources */,
				EFF85B512779285400BD621D /* HomeStatsView.swift in Sources */,
				EFF85B5B2779723100BD621D /* CoinLogoView.swift in Sources */,
				EFF85B302778435C00BD621D /* PreviewProvider.swift in Sources */,
				EF41DC4D277A62B500FF8CA7 /* CoinDetailDataService.swift in Sources */,
				EF41DC47277A5C0400FF8CA7 /* DetailView.swift in Sources */,
				EF460470277814210010D054 /* CircleButtonAnimationView.swift in Sources */,
				EFF85B322778435C00BD621D /* Double.swift in Sources */,
				EF41DC49277A616100FF8CA7 /* CoinDetail.swift in Sources */,
				EFF85B472779103F00BD621D /* CoinImageViewModel.swift in Sources */,
				EFF85B4527790F2200BD621D /* CoinImageService.swift in Sources */,
				EFF85B5327792ABB00BD621D /* MarketData.swift in Sources */,
				EF4604752778173A0010D054 /* Coin.swift in Sources */,
			);
			runOnlyForDeploymentPostprocessing = 0;
		};
/* End PBXSourcesBuildPhase section */

/* Begin XCBuildConfiguration section */
		EF46045B277809080010D054 /* Debug */ = {
			isa = XCBuildConfiguration;
			buildSettings = {
				ALWAYS_SEARCH_USER_PATHS = NO;
				CLANG_ANALYZER_NONNULL = YES;
				CLANG_ANALYZER_NUMBER_OBJECT_CONVERSION = YES_AGGRESSIVE;
				CLANG_CXX_LANGUAGE_STANDARD = "gnu++17";
				CLANG_CXX_LIBRARY = "libc++";
				CLANG_ENABLE_MODULES = YES;
				CLANG_ENABLE_OBJC_ARC = YES;
				CLANG_ENABLE_OBJC_WEAK = YES;
				CLANG_WARN_BLOCK_CAPTURE_AUTORELEASING = YES;
				CLANG_WARN_BOOL_CONVERSION = YES;
				CLANG_WARN_COMMA = YES;
				CLANG_WARN_CONSTANT_CONVERSION = YES;
				CLANG_WARN_DEPRECATED_OBJC_IMPLEMENTATIONS = YES;
				CLANG_WARN_DIRECT_OBJC_ISA_USAGE = YES_ERROR;
				CLANG_WARN_DOCUMENTATION_COMMENTS = YES;
				CLANG_WARN_EMPTY_BODY = YES;
				CLANG_WARN_ENUM_CONVERSION = YES;
				CLANG_WARN_INFINITE_RECURSION = YES;
				CLANG_WARN_INT_CONVERSION = YES;
				CLANG_WARN_NON_LITERAL_NULL_CONVERSION = YES;
				CLANG_WARN_OBJC_IMPLICIT_RETAIN_SELF = YES;
				CLANG_WARN_OBJC_LITERAL_CONVERSION = YES;
				CLANG_WARN_OBJC_ROOT_CLASS = YES_ERROR;
				CLANG_WARN_QUOTED_INCLUDE_IN_FRAMEWORK_HEADER = YES;
				CLANG_WARN_RANGE_LOOP_ANALYSIS = YES;
				CLANG_WARN_STRICT_PROTOTYPES = YES;
				CLANG_WARN_SUSPICIOUS_MOVE = YES;
				CLANG_WARN_UNGUARDED_AVAILABILITY = YES_AGGRESSIVE;
				CLANG_WARN_UNREACHABLE_CODE = YES;
				CLANG_WARN__DUPLICATE_METHOD_MATCH = YES;
				COPY_PHASE_STRIP = NO;
				DEBUG_INFORMATION_FORMAT = dwarf;
				ENABLE_STRICT_OBJC_MSGSEND = YES;
				ENABLE_TESTABILITY = YES;
				GCC_C_LANGUAGE_STANDARD = gnu11;
				GCC_DYNAMIC_NO_PIC = NO;
				GCC_NO_COMMON_BLOCKS = YES;
				GCC_OPTIMIZATION_LEVEL = 0;
				GCC_PREPROCESSOR_DEFINITIONS = (
					"DEBUG=1",
					"$(inherited)",
				);
				GCC_WARN_64_TO_32_BIT_CONVERSION = YES;
				GCC_WARN_ABOUT_RETURN_TYPE = YES_ERROR;
				GCC_WARN_UNDECLARED_SELECTOR = YES;
				GCC_WARN_UNINITIALIZED_AUTOS = YES_AGGRESSIVE;
				GCC_WARN_UNUSED_FUNCTION = YES;
				GCC_WARN_UNUSED_VARIABLE = YES;
				IPHONEOS_DEPLOYMENT_TARGET = 15.2;
				MTL_ENABLE_DEBUG_INFO = INCLUDE_SOURCE;
				MTL_FAST_MATH = YES;
				ONLY_ACTIVE_ARCH = YES;
				SDKROOT = iphoneos;
				SWIFT_ACTIVE_COMPILATION_CONDITIONS = DEBUG;
				SWIFT_OPTIMIZATION_LEVEL = "-Onone";
			};
			name = Debug;
		};
		EF46045C277809080010D054 /* Release */ = {
			isa = XCBuildConfiguration;
			buildSettings = {
				ALWAYS_SEARCH_USER_PATHS = NO;
				CLANG_ANALYZER_NONNULL = YES;
				CLANG_ANALYZER_NUMBER_OBJECT_CONVERSION = YES_AGGRESSIVE;
				CLANG_CXX_LANGUAGE_STANDARD = "gnu++17";
				CLANG_CXX_LIBRARY = "libc++";
				CLANG_ENABLE_MODULES = YES;
				CLANG_ENABLE_OBJC_ARC = YES;
				CLANG_ENABLE_OBJC_WEAK = YES;
				CLANG_WARN_BLOCK_CAPTURE_AUTORELEASING = YES;
				CLANG_WARN_BOOL_CONVERSION = YES;
				CLANG_WARN_COMMA = YES;
				CLANG_WARN_CONSTANT_CONVERSION = YES;
				CLANG_WARN_DEPRECATED_OBJC_IMPLEMENTATIONS = YES;
				CLANG_WARN_DIRECT_OBJC_ISA_USAGE = YES_ERROR;
				CLANG_WARN_DOCUMENTATION_COMMENTS = YES;
				CLANG_WARN_EMPTY_BODY = YES;
				CLANG_WARN_ENUM_CONVERSION = YES;
				CLANG_WARN_INFINITE_RECURSION = YES;
				CLANG_WARN_INT_CONVERSION = YES;
				CLANG_WARN_NON_LITERAL_NULL_CONVERSION = YES;
				CLANG_WARN_OBJC_IMPLICIT_RETAIN_SELF = YES;
				CLANG_WARN_OBJC_LITERAL_CONVERSION = YES;
				CLANG_WARN_OBJC_ROOT_CLASS = YES_ERROR;
				CLANG_WARN_QUOTED_INCLUDE_IN_FRAMEWORK_HEADER = YES;
				CLANG_WARN_RANGE_LOOP_ANALYSIS = YES;
				CLANG_WARN_STRICT_PROTOTYPES = YES;
				CLANG_WARN_SUSPICIOUS_MOVE = YES;
				CLANG_WARN_UNGUARDED_AVAILABILITY = YES_AGGRESSIVE;
				CLANG_WARN_UNREACHABLE_CODE = YES;
				CLANG_WARN__DUPLICATE_METHOD_MATCH = YES;
				COPY_PHASE_STRIP = NO;
				DEBUG_INFORMATION_FORMAT = "dwarf-with-dsym";
				ENABLE_NS_ASSERTIONS = NO;
				ENABLE_STRICT_OBJC_MSGSEND = YES;
				GCC_C_LANGUAGE_STANDARD = gnu11;
				GCC_NO_COMMON_BLOCKS = YES;
				GCC_WARN_64_TO_32_BIT_CONVERSION = YES;
				GCC_WARN_ABOUT_RETURN_TYPE = YES_ERROR;
				GCC_WARN_UNDECLARED_SELECTOR = YES;
				GCC_WARN_UNINITIALIZED_AUTOS = YES_AGGRESSIVE;
				GCC_WARN_UNUSED_FUNCTION = YES;
				GCC_WARN_UNUSED_VARIABLE = YES;
				IPHONEOS_DEPLOYMENT_TARGET = 15.2;
				MTL_ENABLE_DEBUG_INFO = NO;
				MTL_FAST_MATH = YES;
				SDKROOT = iphoneos;
				SWIFT_COMPILATION_MODE = wholemodule;
				SWIFT_OPTIMIZATION_LEVEL = "-O";
				VALIDATE_PRODUCT = YES;
			};
			name = Release;
		};
		EF46045E277809080010D054 /* Debug */ = {
			isa = XCBuildConfiguration;
			buildSettings = {
				ASSETCATALOG_COMPILER_APPICON_NAME = AppIcon;
				ASSETCATALOG_COMPILER_GLOBAL_ACCENT_COLOR_NAME = AccentColor;
				CODE_SIGN_STYLE = Automatic;
				CURRENT_PROJECT_VERSION = 1;
				DEVELOPMENT_ASSET_PATHS = "\"Crypto/Preview Content\"";
				DEVELOPMENT_TEAM = U2TK79AGD4;
				ENABLE_PREVIEWS = YES;
				GENERATE_INFOPLIST_FILE = YES;
				INFOPLIST_KEY_UIApplicationSceneManifest_Generation = YES;
				INFOPLIST_KEY_UIApplicationSupportsIndirectInputEvents = YES;
				INFOPLIST_KEY_UILaunchScreen_Generation = YES;
				INFOPLIST_KEY_UISupportedInterfaceOrientations = UIInterfaceOrientationPortrait;
				INFOPLIST_KEY_UISupportedInterfaceOrientations_iPad = "UIInterfaceOrientationPortrait UIInterfaceOrientationPortraitUpsideDown UIInterfaceOrientationLandscapeLeft UIInterfaceOrientationLandscapeRight";
				INFOPLIST_KEY_UISupportedInterfaceOrientations_iPhone = "UIInterfaceOrientationPortrait UIInterfaceOrientationLandscapeLeft UIInterfaceOrientationLandscapeRight";
				LD_RUNPATH_SEARCH_PATHS = (
					"$(inherited)",
					"@executable_path/Frameworks",
				);
				MARKETING_VERSION = 1.0;
				PRODUCT_BUNDLE_IDENTIFIER = dallin.jared.Crypto;
				PRODUCT_NAME = "Crypto Tracker";
				SWIFT_EMIT_LOC_STRINGS = YES;
				SWIFT_VERSION = 5.0;
				TARGETED_DEVICE_FAMILY = "1,2";
			};
			name = Debug;
		};
		EF46045F277809080010D054 /* Release */ = {
			isa = XCBuildConfiguration;
			buildSettings = {
				ASSETCATALOG_COMPILER_APPICON_NAME = AppIcon;
				ASSETCATALOG_COMPILER_GLOBAL_ACCENT_COLOR_NAME = AccentColor;
				CODE_SIGN_STYLE = Automatic;
				CURRENT_PROJECT_VERSION = 1;
				DEVELOPMENT_ASSET_PATHS = "\"Crypto/Preview Content\"";
				DEVELOPMENT_TEAM = U2TK79AGD4;
				ENABLE_PREVIEWS = YES;
				GENERATE_INFOPLIST_FILE = YES;
				INFOPLIST_KEY_UIApplicationSceneManifest_Generation = YES;
				INFOPLIST_KEY_UIApplicationSupportsIndirectInputEvents = YES;
				INFOPLIST_KEY_UILaunchScreen_Generation = YES;
				INFOPLIST_KEY_UISupportedInterfaceOrientations = UIInterfaceOrientationPortrait;
				INFOPLIST_KEY_UISupportedInterfaceOrientations_iPad = "UIInterfaceOrientationPortrait UIInterfaceOrientationPortraitUpsideDown UIInterfaceOrientationLandscapeLeft UIInterfaceOrientationLandscapeRight";
				INFOPLIST_KEY_UISupportedInterfaceOrientations_iPhone = "UIInterfaceOrientationPortrait UIInterfaceOrientationLandscapeLeft UIInterfaceOrientationLandscapeRight";
				LD_RUNPATH_SEARCH_PATHS = (
					"$(inherited)",
					"@executable_path/Frameworks",
				);
				MARKETING_VERSION = 1.0;
				PRODUCT_BUNDLE_IDENTIFIER = dallin.jared.Crypto;
				PRODUCT_NAME = "Crypto Tracker";
				SWIFT_EMIT_LOC_STRINGS = YES;
				SWIFT_VERSION = 5.0;
				TARGETED_DEVICE_FAMILY = "1,2";
			};
			name = Release;
		};
/* End XCBuildConfiguration section */

/* Begin XCConfigurationList section */
		EF46044A277809060010D054 /* Build configuration list for PBXProject "Crypto" */ = {
			isa = XCConfigurationList;
			buildConfigurations = (
				EF46045B277809080010D054 /* Debug */,
				EF46045C277809080010D054 /* Release */,
			);
			defaultConfigurationIsVisible = 0;
			defaultConfigurationName = Release;
		};
		EF46045D277809080010D054 /* Build configuration list for PBXNativeTarget "Crypto" */ = {
			isa = XCConfigurationList;
			buildConfigurations = (
				EF46045E277809080010D054 /* Debug */,
				EF46045F277809080010D054 /* Release */,
			);
			defaultConfigurationIsVisible = 0;
			defaultConfigurationName = Release;
		};
/* End XCConfigurationList section */

/* Begin XCVersionGroup section */
		EFF85B5C2779837A00BD621D /* PortfolioContainer.xcdatamodeld */ = {
			isa = XCVersionGroup;
			children = (
				EFF85B5D2779837A00BD621D /* PortfolioContainer.xcdatamodel */,
			);
			currentVersion = EFF85B5D2779837A00BD621D /* PortfolioContainer.xcdatamodel */;
			path = PortfolioContainer.xcdatamodeld;
			sourceTree = "<group>";
			versionGroupType = wrapper.xcdatamodel;
		};
/* End XCVersionGroup section */
	};
	rootObject = EF460447277809060010D054 /* Project object */;
}
